// !$*UTF8*$!
{
	archiveVersion = 1;
	classes = {
	};
	objectVersion = 56;
	objects = {

/* Begin PBXBuildFile section */
		FACF2A652AC1B1ED00092B6D /* AppDelegate.swift in Sources */ = {isa = PBXBuildFile; fileRef = FACF2A642AC1B1ED00092B6D /* AppDelegate.swift */; };
		FACF2A672AC1B1ED00092B6D /* SceneDelegate.swift in Sources */ = {isa = PBXBuildFile; fileRef = FACF2A662AC1B1ED00092B6D /* SceneDelegate.swift */; };
		FACF2A692AC1B1ED00092B6D /* ViewController.swift in Sources */ = {isa = PBXBuildFile; fileRef = FACF2A682AC1B1ED00092B6D /* ViewController.swift */; };
		FACF2A6C2AC1B1ED00092B6D /* Main.storyboard in Resources */ = {isa = PBXBuildFile; fileRef = FACF2A6A2AC1B1ED00092B6D /* Main.storyboard */; };
		FACF2A6E2AC1B1EF00092B6D /* Assets.xcassets in Resources */ = {isa = PBXBuildFile; fileRef = FACF2A6D2AC1B1EF00092B6D /* Assets.xcassets */; };
		FACF2A712AC1B1EF00092B6D /* LaunchScreen.storyboard in Resources */ = {isa = PBXBuildFile; fileRef = FACF2A6F2AC1B1EF00092B6D /* LaunchScreen.storyboard */; };
		FACF2A7C2AC1B1EF00092B6D /* CounterTests.swift in Sources */ = {isa = PBXBuildFile; fileRef = FACF2A7B2AC1B1EF00092B6D /* CounterTests.swift */; };
		FACF2A862AC1B1EF00092B6D /* CounterUITests.swift in Sources */ = {isa = PBXBuildFile; fileRef = FACF2A852AC1B1EF00092B6D /* CounterUITests.swift */; };
		FACF2A882AC1B1EF00092B6D /* CounterUITestsLaunchTests.swift in Sources */ = {isa = PBXBuildFile; fileRef = FACF2A872AC1B1EF00092B6D /* CounterUITestsLaunchTests.swift */; };
/* End PBXBuildFile section */

/* Begin PBXContainerItemProxy section */
		FACF2A782AC1B1EF00092B6D /* PBXContainerItemProxy */ = {
			isa = PBXContainerItemProxy;
			containerPortal = FACF2A592AC1B1ED00092B6D /* Project object */;
			proxyType = 1;
			remoteGlobalIDString = FACF2A602AC1B1ED00092B6D;
			remoteInfo = Counter;
		};
		FACF2A822AC1B1EF00092B6D /* PBXContainerItemProxy */ = {
			isa = PBXContainerItemProxy;
			containerPortal = FACF2A592AC1B1ED00092B6D /* Project object */;
			proxyType = 1;
			remoteGlobalIDString = FACF2A602AC1B1ED00092B6D;
			remoteInfo = Counter;
		};
/* End PBXContainerItemProxy section */

/* Begin PBXFileReference section */
		FACF2A612AC1B1ED00092B6D /* Counter.app */ = {isa = PBXFileReference; explicitFileType = wrapper.application; includeInIndex = 0; path = Counter.app; sourceTree = BUILT_PRODUCTS_DIR; };
		FACF2A642AC1B1ED00092B6D /* AppDelegate.swift */ = {isa = PBXFileReference; lastKnownFileType = sourcecode.swift; path = AppDelegate.swift; sourceTree = "<group>"; };
		FACF2A662AC1B1ED00092B6D /* SceneDelegate.swift */ = {isa = PBXFileReference; lastKnownFileType = sourcecode.swift; path = SceneDelegate.swift; sourceTree = "<group>"; };
		FACF2A682AC1B1ED00092B6D /* ViewController.swift */ = {isa = PBXFileReference; lastKnownFileType = sourcecode.swift; path = ViewController.swift; sourceTree = "<group>"; };
		FACF2A6B2AC1B1ED00092B6D /* Base */ = {isa = PBXFileReference; lastKnownFileType = file.storyboard; name = Base; path = Base.lproj/Main.storyboard; sourceTree = "<group>"; };
		FACF2A6D2AC1B1EF00092B6D /* Assets.xcassets */ = {isa = PBXFileReference; lastKnownFileType = folder.assetcatalog; path = Assets.xcassets; sourceTree = "<group>"; };
		FACF2A702AC1B1EF00092B6D /* Base */ = {isa = PBXFileReference; lastKnownFileType = file.storyboard; name = Base; path = Base.lproj/LaunchScreen.storyboard; sourceTree = "<group>"; };
		FACF2A722AC1B1EF00092B6D /* Info.plist */ = {isa = PBXFileReference; lastKnownFileType = text.plist.xml; path = Info.plist; sourceTree = "<group>"; };
		FACF2A772AC1B1EF00092B6D /* CounterTests.xctest */ = {isa = PBXFileReference; explicitFileType = wrapper.cfbundle; includeInIndex = 0; path = CounterTests.xctest; sourceTree = BUILT_PRODUCTS_DIR; };
		FACF2A7B2AC1B1EF00092B6D /* CounterTests.swift */ = {isa = PBXFileReference; lastKnownFileType = sourcecode.swift; path = CounterTests.swift; sourceTree = "<group>"; };
		FACF2A812AC1B1EF00092B6D /* CounterUITests.xctest */ = {isa = PBXFileReference; explicitFileType = wrapper.cfbundle; includeInIndex = 0; path = CounterUITests.xctest; sourceTree = BUILT_PRODUCTS_DIR; };
		FACF2A852AC1B1EF00092B6D /* CounterUITests.swift */ = {isa = PBXFileReference; lastKnownFileType = sourcecode.swift; path = CounterUITests.swift; sourceTree = "<group>"; };
		FACF2A872AC1B1EF00092B6D /* CounterUITestsLaunchTests.swift */ = {isa = PBXFileReference; lastKnownFileType = sourcecode.swift; path = CounterUITestsLaunchTests.swift; sourceTree = "<group>"; };
/* End PBXFileReference section */

/* Begin PBXFrameworksBuildPhase section */
		FACF2A5E2AC1B1ED00092B6D /* Frameworks */ = {
			isa = PBXFrameworksBuildPhase;
			buildActionMask = 2147483647;
			files = (
			);
			runOnlyForDeploymentPostprocessing = 0;
		};
		FACF2A742AC1B1EF00092B6D /* Frameworks */ = {
			isa = PBXFrameworksBuildPhase;
			buildActionMask = 2147483647;
			files = (
			);
			runOnlyForDeploymentPostprocessing = 0;
		};
		FACF2A7E2AC1B1EF00092B6D /* Frameworks */ = {
			isa = PBXFrameworksBuildPhase;
			buildActionMask = 2147483647;
			files = (
			);
			runOnlyForDeploymentPostprocessing = 0;
		};
/* End PBXFrameworksBuildPhase section */

/* Begin PBXGroup section */
		FACF2A582AC1B1ED00092B6D = {
			isa = PBXGroup;
			children = (
				FACF2A632AC1B1ED00092B6D /* Counter */,
				FACF2A7A2AC1B1EF00092B6D /* CounterTests */,
				FACF2A842AC1B1EF00092B6D /* CounterUITests */,
				FACF2A622AC1B1ED00092B6D /* Products */,
			);
			sourceTree = "<group>";
		};
		FACF2A622AC1B1ED00092B6D /* Products */ = {
			isa = PBXGroup;
			children = (
				FACF2A612AC1B1ED00092B6D /* Counter.app */,
				FACF2A772AC1B1EF00092B6D /* CounterTests.xctest */,
				FACF2A812AC1B1EF00092B6D /* CounterUITests.xctest */,
			);
			name = Products;
			sourceTree = "<group>";
		};
		FACF2A632AC1B1ED00092B6D /* Counter */ = {
			isa = PBXGroup;
			children = (
				FACF2A642AC1B1ED00092B6D /* AppDelegate.swift */,
				FACF2A662AC1B1ED00092B6D /* SceneDelegate.swift */,
				FACF2A682AC1B1ED00092B6D /* ViewController.swift */,
				FACF2A6A2AC1B1ED00092B6D /* Main.storyboard */,
				FACF2A6D2AC1B1EF00092B6D /* Assets.xcassets */,
				FACF2A6F2AC1B1EF00092B6D /* LaunchScreen.storyboard */,
				FACF2A722AC1B1EF00092B6D /* Info.plist */,
			);
			path = Counter;
			sourceTree = "<group>";
		};
		FACF2A7A2AC1B1EF00092B6D /* CounterTests */ = {
			isa = PBXGroup;
			children = (
				FACF2A7B2AC1B1EF00092B6D /* CounterTests.swift */,
			);
			path = CounterTests;
			sourceTree = "<group>";
		};
		FACF2A842AC1B1EF00092B6D /* CounterUITests */ = {
			isa = PBXGroup;
			children = (
				FACF2A852AC1B1EF00092B6D /* CounterUITests.swift */,
				FACF2A872AC1B1EF00092B6D /* CounterUITestsLaunchTests.swift */,
			);
			path = CounterUITests;
			sourceTree = "<group>";
		};
/* End PBXGroup section */

/* Begin PBXNativeTarget section */
		FACF2A602AC1B1ED00092B6D /* Counter */ = {
			isa = PBXNativeTarget;
			buildConfigurationList = FACF2A8B2AC1B1EF00092B6D /* Build configuration list for PBXNativeTarget "Counter" */;
			buildPhases = (
				FACF2A5D2AC1B1ED00092B6D /* Sources */,
				FACF2A5E2AC1B1ED00092B6D /* Frameworks */,
				FACF2A5F2AC1B1ED00092B6D /* Resources */,
			);
			buildRules = (
			);
			dependencies = (
			);
			name = Counter;
			productName = Counter;
			productReference = FACF2A612AC1B1ED00092B6D /* Counter.app */;
			productType = "com.apple.product-type.application";
		};
		FACF2A762AC1B1EF00092B6D /* CounterTests */ = {
			isa = PBXNativeTarget;
			buildConfigurationList = FACF2A8E2AC1B1EF00092B6D /* Build configuration list for PBXNativeTarget "CounterTests" */;
			buildPhases = (
				FACF2A732AC1B1EF00092B6D /* Sources */,
				FACF2A742AC1B1EF00092B6D /* Frameworks */,
				FACF2A752AC1B1EF00092B6D /* Resources */,
			);
			buildRules = (
			);
			dependencies = (
				FACF2A792AC1B1EF00092B6D /* PBXTargetDependency */,
			);
			name = CounterTests;
			productName = CounterTests;
			productReference = FACF2A772AC1B1EF00092B6D /* CounterTests.xctest */;
			productType = "com.apple.product-type.bundle.unit-test";
		};
		FACF2A802AC1B1EF00092B6D /* CounterUITests */ = {
			isa = PBXNativeTarget;
			buildConfigurationList = FACF2A912AC1B1EF00092B6D /* Build configuration list for PBXNativeTarget "CounterUITests" */;
			buildPhases = (
				FACF2A7D2AC1B1EF00092B6D /* Sources */,
				FACF2A7E2AC1B1EF00092B6D /* Frameworks */,
				FACF2A7F2AC1B1EF00092B6D /* Resources */,
			);
			buildRules = (
			);
			dependencies = (
				FACF2A832AC1B1EF00092B6D /* PBXTargetDependency */,
			);
			name = CounterUITests;
			productName = CounterUITests;
			productReference = FACF2A812AC1B1EF00092B6D /* CounterUITests.xctest */;
			productType = "com.apple.product-type.bundle.ui-testing";
		};
/* End PBXNativeTarget section */

/* Begin PBXProject section */
		FACF2A592AC1B1ED00092B6D /* Project object */ = {
			isa = PBXProject;
			attributes = {
				BuildIndependentTargetsInParallel = 1;
				LastSwiftUpdateCheck = 1430;
				LastUpgradeCheck = 1430;
				TargetAttributes = {
					FACF2A602AC1B1ED00092B6D = {
						CreatedOnToolsVersion = 14.3.1;
					};
					FACF2A762AC1B1EF00092B6D = {
						CreatedOnToolsVersion = 14.3.1;
						TestTargetID = FACF2A602AC1B1ED00092B6D;
					};
					FACF2A802AC1B1EF00092B6D = {
						CreatedOnToolsVersion = 14.3.1;
						TestTargetID = FACF2A602AC1B1ED00092B6D;
					};
				};
			};
			buildConfigurationList = FACF2A5C2AC1B1ED00092B6D /* Build configuration list for PBXProject "Counter" */;
			compatibilityVersion = "Xcode 14.0";
			developmentRegion = en;
			hasScannedForEncodings = 0;
			knownRegions = (
				en,
				Base,
			);
			mainGroup = FACF2A582AC1B1ED00092B6D;
			productRefGroup = FACF2A622AC1B1ED00092B6D /* Products */;
			projectDirPath = "";
			projectRoot = "";
			targets = (
				FACF2A602AC1B1ED00092B6D /* Counter */,
				FACF2A762AC1B1EF00092B6D /* CounterTests */,
				FACF2A802AC1B1EF00092B6D /* CounterUITests */,
			);
		};
/* End PBXProject section */

/* Begin PBXResourcesBuildPhase section */
		FACF2A5F2AC1B1ED00092B6D /* Resources */ = {
			isa = PBXResourcesBuildPhase;
			buildActionMask = 2147483647;
			files = (
				FACF2A712AC1B1EF00092B6D /* LaunchScreen.storyboard in Resources */,
				FACF2A6E2AC1B1EF00092B6D /* Assets.xcassets in Resources */,
				FACF2A6C2AC1B1ED00092B6D /* Main.storyboard in Resources */,
			);
			runOnlyForDeploymentPostprocessing = 0;
		};
		FACF2A752AC1B1EF00092B6D /* Resources */ = {
			isa = PBXResourcesBuildPhase;
			buildActionMask = 2147483647;
			files = (
			);
			runOnlyForDeploymentPostprocessing = 0;
		};
		FACF2A7F2AC1B1EF00092B6D /* Resources */ = {
			isa = PBXResourcesBuildPhase;
			buildActionMask = 2147483647;
			files = (
			);
			runOnlyForDeploymentPostprocessing = 0;
		};
/* End PBXResourcesBuildPhase section */

/* Begin PBXSourcesBuildPhase section */
		FACF2A5D2AC1B1ED00092B6D /* Sources */ = {
			isa = PBXSourcesBuildPhase;
			buildActionMask = 2147483647;
			files = (
				FACF2A692AC1B1ED00092B6D /* ViewController.swift in Sources */,
				FACF2A652AC1B1ED00092B6D /* AppDelegate.swift in Sources */,
				FACF2A672AC1B1ED00092B6D /* SceneDelegate.swift in Sources */,
			);
			runOnlyForDeploymentPostprocessing = 0;
		};
		FACF2A732AC1B1EF00092B6D /* Sources */ = {
			isa = PBXSourcesBuildPhase;
			buildActionMask = 2147483647;
			files = (
				FACF2A7C2AC1B1EF00092B6D /* CounterTests.swift in Sources */,
			);
			runOnlyForDeploymentPostprocessing = 0;
		};
		FACF2A7D2AC1B1EF00092B6D /* Sources */ = {
			isa = PBXSourcesBuildPhase;
			buildActionMask = 2147483647;
			files = (
				FACF2A862AC1B1EF00092B6D /* CounterUITests.swift in Sources */,
				FACF2A882AC1B1EF00092B6D /* CounterUITestsLaunchTests.swift in Sources */,
			);
			runOnlyForDeploymentPostprocessing = 0;
		};
/* End PBXSourcesBuildPhase section */

/* Begin PBXTargetDependency section */
		FACF2A792AC1B1EF00092B6D /* PBXTargetDependency */ = {
			isa = PBXTargetDependency;
			target = FACF2A602AC1B1ED00092B6D /* Counter */;
			targetProxy = FACF2A782AC1B1EF00092B6D /* PBXContainerItemProxy */;
		};
		FACF2A832AC1B1EF00092B6D /* PBXTargetDependency */ = {
			isa = PBXTargetDependency;
			target = FACF2A602AC1B1ED00092B6D /* Counter */;
			targetProxy = FACF2A822AC1B1EF00092B6D /* PBXContainerItemProxy */;
		};
/* End PBXTargetDependency section */

/* Begin PBXVariantGroup section */
		FACF2A6A2AC1B1ED00092B6D /* Main.storyboard */ = {
			isa = PBXVariantGroup;
			children = (
				FACF2A6B2AC1B1ED00092B6D /* Base */,
			);
			name = Main.storyboard;
			sourceTree = "<group>";
		};
		FACF2A6F2AC1B1EF00092B6D /* LaunchScreen.storyboard */ = {
			isa = PBXVariantGroup;
			children = (
				FACF2A702AC1B1EF00092B6D /* Base */,
			);
			name = LaunchScreen.storyboard;
			sourceTree = "<group>";
		};
/* End PBXVariantGroup section */

/* Begin XCBuildConfiguration section */
		FACF2A892AC1B1EF00092B6D /* Debug */ = {
			isa = XCBuildConfiguration;
			buildSettings = {
				ALWAYS_SEARCH_USER_PATHS = NO;
				CLANG_ANALYZER_NONNULL = YES;
				CLANG_ANALYZER_NUMBER_OBJECT_CONVERSION = YES_AGGRESSIVE;
				CLANG_CXX_LANGUAGE_STANDARD = "gnu++20";
				CLANG_ENABLE_MODULES = YES;
				CLANG_ENABLE_OBJC_ARC = YES;
				CLANG_ENABLE_OBJC_WEAK = YES;
				CLANG_WARN_BLOCK_CAPTURE_AUTORELEASING = YES;
				CLANG_WARN_BOOL_CONVERSION = YES;
				CLANG_WARN_COMMA = YES;
				CLANG_WARN_CONSTANT_CONVERSION = YES;
				CLANG_WARN_DEPRECATED_OBJC_IMPLEMENTATIONS = YES;
				CLANG_WARN_DIRECT_OBJC_ISA_USAGE = YES_ERROR;
				CLANG_WARN_DOCUMENTATION_COMMENTS = YES;
				CLANG_WARN_EMPTY_BODY = YES;
				CLANG_WARN_ENUM_CONVERSION = YES;
				CLANG_WARN_INFINITE_RECURSION = YES;
				CLANG_WARN_INT_CONVERSION = YES;
				CLANG_WARN_NON_LITERAL_NULL_CONVERSION = YES;
				CLANG_WARN_OBJC_IMPLICIT_RETAIN_SELF = YES;
				CLANG_WARN_OBJC_LITERAL_CONVERSION = YES;
				CLANG_WARN_OBJC_ROOT_CLASS = YES_ERROR;
				CLANG_WARN_QUOTED_INCLUDE_IN_FRAMEWORK_HEADER = YES;
				CLANG_WARN_RANGE_LOOP_ANALYSIS = YES;
				CLANG_WARN_STRICT_PROTOTYPES = YES;
				CLANG_WARN_SUSPICIOUS_MOVE = YES;
				CLANG_WARN_UNGUARDED_AVAILABILITY = YES_AGGRESSIVE;
				CLANG_WARN_UNREACHABLE_CODE = YES;
				CLANG_WARN__DUPLICATE_METHOD_MATCH = YES;
				COPY_PHASE_STRIP = NO;
				DEBUG_INFORMATION_FORMAT = dwarf;
				ENABLE_STRICT_OBJC_MSGSEND = YES;
				ENABLE_TESTABILITY = YES;
				GCC_C_LANGUAGE_STANDARD = gnu11;
				GCC_DYNAMIC_NO_PIC = NO;
				GCC_NO_COMMON_BLOCKS = YES;
				GCC_OPTIMIZATION_LEVEL = 0;
				GCC_PREPROCESSOR_DEFINITIONS = (
					"DEBUG=1",
					"$(inherited)",
				);
				GCC_WARN_64_TO_32_BIT_CONVERSION = YES;
				GCC_WARN_ABOUT_RETURN_TYPE = YES_ERROR;
				GCC_WARN_UNDECLARED_SELECTOR = YES;
				GCC_WARN_UNINITIALIZED_AUTOS = YES_AGGRESSIVE;
				GCC_WARN_UNUSED_FUNCTION = YES;
				GCC_WARN_UNUSED_VARIABLE = YES;
				IPHONEOS_DEPLOYMENT_TARGET = 16.4;
				MTL_ENABLE_DEBUG_INFO = INCLUDE_SOURCE;
				MTL_FAST_MATH = YES;
				ONLY_ACTIVE_ARCH = YES;
				SDKROOT = iphoneos;
				SWIFT_ACTIVE_COMPILATION_CONDITIONS = DEBUG;
				SWIFT_OPTIMIZATION_LEVEL = "-Onone";
			};
			name = Debug;
		};
		FACF2A8A2AC1B1EF00092B6D /* Release */ = {
			isa = XCBuildConfiguration;
			buildSettings = {
				ALWAYS_SEARCH_USER_PATHS = NO;
				CLANG_ANALYZER_NONNULL = YES;
				CLANG_ANALYZER_NUMBER_OBJECT_CONVERSION = YES_AGGRESSIVE;
				CLANG_CXX_LANGUAGE_STANDARD = "gnu++20";
				CLANG_ENABLE_MODULES = YES;
				CLANG_ENABLE_OBJC_ARC = YES;
				CLANG_ENABLE_OBJC_WEAK = YES;
				CLANG_WARN_BLOCK_CAPTURE_AUTORELEASING = YES;
				CLANG_WARN_BOOL_CONVERSION = YES;
				CLANG_WARN_COMMA = YES;
				CLANG_WARN_CONSTANT_CONVERSION = YES;
				CLANG_WARN_DEPRECATED_OBJC_IMPLEMENTATIONS = YES;
				CLANG_WARN_DIRECT_OBJC_ISA_USAGE = YES_ERROR;
				CLANG_WARN_DOCUMENTATION_COMMENTS = YES;
				CLANG_WARN_EMPTY_BODY = YES;
				CLANG_WARN_ENUM_CONVERSION = YES;
				CLANG_WARN_INFINITE_RECURSION = YES;
				CLANG_WARN_INT_CONVERSION = YES;
				CLANG_WARN_NON_LITERAL_NULL_CONVERSION = YES;
				CLANG_WARN_OBJC_IMPLICIT_RETAIN_SELF = YES;
				CLANG_WARN_OBJC_LITERAL_CONVERSION = YES;
				CLANG_WARN_OBJC_ROOT_CLASS = YES_ERROR;
				CLANG_WARN_QUOTED_INCLUDE_IN_FRAMEWORK_HEADER = YES;
				CLANG_WARN_RANGE_LOOP_ANALYSIS = YES;
				CLANG_WARN_STRICT_PROTOTYPES = YES;
				CLANG_WARN_SUSPICIOUS_MOVE = YES;
				CLANG_WARN_UNGUARDED_AVAILABILITY = YES_AGGRESSIVE;
				CLANG_WARN_UNREACHABLE_CODE = YES;
				CLANG_WARN__DUPLICATE_METHOD_MATCH = YES;
				COPY_PHASE_STRIP = NO;
				DEBUG_INFORMATION_FORMAT = "dwarf-with-dsym";
				ENABLE_NS_ASSERTIONS = NO;
				ENABLE_STRICT_OBJC_MSGSEND = YES;
				GCC_C_LANGUAGE_STANDARD = gnu11;
				GCC_NO_COMMON_BLOCKS = YES;
				GCC_WARN_64_TO_32_BIT_CONVERSION = YES;
				GCC_WARN_ABOUT_RETURN_TYPE = YES_ERROR;
				GCC_WARN_UNDECLARED_SELECTOR = YES;
				GCC_WARN_UNINITIALIZED_AUTOS = YES_AGGRESSIVE;
				GCC_WARN_UNUSED_FUNCTION = YES;
				GCC_WARN_UNUSED_VARIABLE = YES;
				IPHONEOS_DEPLOYMENT_TARGET = 16.4;
				MTL_ENABLE_DEBUG_INFO = NO;
				MTL_FAST_MATH = YES;
				SDKROOT = iphoneos;
				SWIFT_COMPILATION_MODE = wholemodule;
				SWIFT_OPTIMIZATION_LEVEL = "-O";
				VALIDATE_PRODUCT = YES;
			};
			name = Release;
		};
		FACF2A8C2AC1B1EF00092B6D /* Debug */ = {
			isa = XCBuildConfiguration;
			buildSettings = {
				ASSETCATALOG_COMPILER_APPICON_NAME = AppIcon;
				ASSETCATALOG_COMPILER_GLOBAL_ACCENT_COLOR_NAME = AccentColor;
				CODE_SIGN_STYLE = Automatic;
				CURRENT_PROJECT_VERSION = 1;
				DEVELOPMENT_TEAM = 9Y8T3737HC;
				GENERATE_INFOPLIST_FILE = YES;
				INFOPLIST_FILE = Counter/Info.plist;
				INFOPLIST_KEY_UIApplicationSupportsIndirectInputEvents = YES;
				INFOPLIST_KEY_UILaunchStoryboardName = LaunchScreen;
				INFOPLIST_KEY_UIMainStoryboardFile = Main;
				INFOPLIST_KEY_UISupportedInterfaceOrientations_iPad = "UIInterfaceOrientationPortrait UIInterfaceOrientationPortraitUpsideDown UIInterfaceOrientationLandscapeLeft UIInterfaceOrientationLandscapeRight";
				INFOPLIST_KEY_UISupportedInterfaceOrientations_iPhone = "UIInterfaceOrientationPortrait UIInterfaceOrientationLandscapeLeft UIInterfaceOrientationLandscapeRight";
				LD_RUNPATH_SEARCH_PATHS = (
					"$(inherited)",
					"@executable_path/Frameworks",
				);
				MARKETING_VERSION = 1.0;
				PRODUCT_BUNDLE_IDENTIFIER = test.Counter;
				PRODUCT_NAME = "$(TARGET_NAME)";
				SWIFT_EMIT_LOC_STRINGS = YES;
				SWIFT_VERSION = 5.0;
				TARGETED_DEVICE_FAMILY = "1,2";
			};
			name = Debug;
		};
		FACF2A8D2AC1B1EF00092B6D /* Release */ = {
			isa = XCBuildConfiguration;
			buildSettings = {
				ASSETCATALOG_COMPILER_APPICON_NAME = AppIcon;
				ASSETCATALOG_COMPILER_GLOBAL_ACCENT_COLOR_NAME = AccentColor;
				CODE_SIGN_STYLE = Automatic;
				CURRENT_PROJECT_VERSION = 1;
				DEVELOPMENT_TEAM = 9Y8T3737HC;
				GENERATE_INFOPLIST_FILE = YES;
				INFOPLIST_FILE = Counter/Info.plist;
				INFOPLIST_KEY_UIApplicationSupportsIndirectInputEvents = YES;
				INFOPLIST_KEY_UILaunchStoryboardName = LaunchScreen;
				INFOPLIST_KEY_UIMainStoryboardFile = Main;
				INFOPLIST_KEY_UISupportedInterfaceOrientations_iPad = "UIInterfaceOrientationPortrait UIInterfaceOrientationPortraitUpsideDown UIInterfaceOrientationLandscapeLeft UIInterfaceOrientationLandscapeRight";
				INFOPLIST_KEY_UISupportedInterfaceOrientations_iPhone = "UIInterfaceOrientationPortrait UIInterfaceOrientationLandscapeLeft UIInterfaceOrientationLandscapeRight";
				LD_RUNPATH_SEARCH_PATHS = (
					"$(inherited)",
					"@executable_path/Frameworks",
				);
				MARKETING_VERSION = 1.0;
				PRODUCT_BUNDLE_IDENTIFIER = test.Counter;
				PRODUCT_NAME = "$(TARGET_NAME)";
				SWIFT_EMIT_LOC_STRINGS = YES;
				SWIFT_VERSION = 5.0;
				TARGETED_DEVICE_FAMILY = "1,2";
			};
			name = Release;
		};
		FACF2A8F2AC1B1EF00092B6D /* Debug */ = {
			isa = XCBuildConfiguration;
			buildSettings = {
				ALWAYS_EMBED_SWIFT_STANDARD_LIBRARIES = YES;
				BUNDLE_LOADER = "$(TEST_HOST)";
				CODE_SIGN_STYLE = Automatic;
				CURRENT_PROJECT_VERSION = 1;
				DEVELOPMENT_TEAM = 9Y8T3737HC;
				GENERATE_INFOPLIST_FILE = YES;
				IPHONEOS_DEPLOYMENT_TARGET = 16.4;
				MARKETING_VERSION = 1.0;
				PRODUCT_BUNDLE_IDENTIFIER = test.CounterTests;
				PRODUCT_NAME = "$(TARGET_NAME)";
				SWIFT_EMIT_LOC_STRINGS = NO;
				SWIFT_VERSION = 5.0;
				TARGETED_DEVICE_FAMILY = "1,2";
				TEST_HOST = "$(BUILT_PRODUCTS_DIR)/Counter.app/$(BUNDLE_EXECUTABLE_FOLDER_PATH)/Counter";
			};
			name = Debug;
		};
		FACF2A902AC1B1EF00092B6D /* Release */ = {
			isa = XCBuildConfiguration;
			buildSettings = {
				ALWAYS_EMBED_SWIFT_STANDARD_LIBRARIES = YES;
				BUNDLE_LOADER = "$(TEST_HOST)";
				CODE_SIGN_STYLE = Automatic;
				CURRENT_PROJECT_VERSION = 1;
				DEVELOPMENT_TEAM = 9Y8T3737HC;
				GENERATE_INFOPLIST_FILE = YES;
				IPHONEOS_DEPLOYMENT_TARGET = 16.4;
				MARKETING_VERSION = 1.0;
				PRODUCT_BUNDLE_IDENTIFIER = test.CounterTests;
				PRODUCT_NAME = "$(TARGET_NAME)";
				SWIFT_EMIT_LOC_STRINGS = NO;
				SWIFT_VERSION = 5.0;
				TARGETED_DEVICE_FAMILY = "1,2";
				TEST_HOST = "$(BUILT_PRODUCTS_DIR)/Counter.app/$(BUNDLE_EXECUTABLE_FOLDER_PATH)/Counter";
			};
			name = Release;
		};
		FACF2A922AC1B1EF00092B6D /* Debug */ = {
			isa = XCBuildConfiguration;
			buildSettings = {
				ALWAYS_EMBED_SWIFT_STANDARD_LIBRARIES = YES;
				CODE_SIGN_STYLE = Automatic;
				CURRENT_PROJECT_VERSION = 1;
				DEVELOPMENT_TEAM = 9Y8T3737HC;
				GENERATE_INFOPLIST_FILE = YES;
				MARKETING_VERSION = 1.0;
				PRODUCT_BUNDLE_IDENTIFIER = test.CounterUITests;
				PRODUCT_NAME = "$(TARGET_NAME)";
				SWIFT_EMIT_LOC_STRINGS = NO;
				SWIFT_VERSION = 5.0;
				TARGETED_DEVICE_FAMILY = "1,2";
				TEST_TARGET_NAME = Counter;
			};
			name = Debug;
		};
		FACF2A932AC1B1EF00092B6D /* Release */ = {
			isa = XCBuildConfiguration;
			buildSettings = {
				ALWAYS_EMBED_SWIFT_STANDARD_LIBRARIES = YES;
				CODE_SIGN_STYLE = Automatic;
				CURRENT_PROJECT_VERSION = 1;
				DEVELOPMENT_TEAM = 9Y8T3737HC;
				GENERATE_INFOPLIST_FILE = YES;
				MARKETING_VERSION = 1.0;
				PRODUCT_BUNDLE_IDENTIFIER = test.CounterUITests;
				PRODUCT_NAME = "$(TARGET_NAME)";
				SWIFT_EMIT_LOC_STRINGS = NO;
				SWIFT_VERSION = 5.0;
				TARGETED_DEVICE_FAMILY = "1,2";
				TEST_TARGET_NAME = Counter;
			};
			name = Release;
		};
/* End XCBuildConfiguration section */

/* Begin XCConfigurationList section */
		FACF2A5C2AC1B1ED00092B6D /* Build configuration list for PBXProject "Counter" */ = {
			isa = XCConfigurationList;
			buildConfigurations = (
				FACF2A892AC1B1EF00092B6D /* Debug */,
				FACF2A8A2AC1B1EF00092B6D /* Release */,
			);
			defaultConfigurationIsVisible = 0;
			defaultConfigurationName = Release;
		};
		FACF2A8B2AC1B1EF00092B6D /* Build configuration list for PBXNativeTarget "Counter" */ = {
			isa = XCConfigurationList;
			buildConfigurations = (
				FACF2A8C2AC1B1EF00092B6D /* Debug */,
				FACF2A8D2AC1B1EF00092B6D /* Release */,
			);
			defaultConfigurationIsVisible = 0;
			defaultConfigurationName = Release;
		};
		FACF2A8E2AC1B1EF00092B6D /* Build configuration list for PBXNativeTarget "CounterTests" */ = {
			isa = XCConfigurationList;
			buildConfigurations = (
				FACF2A8F2AC1B1EF00092B6D /* Debug */,
				FACF2A902AC1B1EF00092B6D /* Release */,
			);
			defaultConfigurationIsVisible = 0;
			defaultConfigurationName = Release;
		};
		FACF2A912AC1B1EF00092B6D /* Build configuration list for PBXNativeTarget "CounterUITests" */ = {
			isa = XCConfigurationList;
			buildConfigurations = (
				FACF2A922AC1B1EF00092B6D /* Debug */,
				FACF2A932AC1B1EF00092B6D /* Release */,
			);
			defaultConfigurationIsVisible = 0;
			defaultConfigurationName = Release;
		};
/* End XCConfigurationList section */
	};
	rootObject = FACF2A592AC1B1ED00092B6D /* Project object */;
}
